
Microsoft Visual Studio Solution File, Format Version 12.00
# Visual Studio Version 17
VisualStudioVersion = 17.8.34408.163
MinimumVisualStudioVersion = 10.0.40219.1
Project("{9A19103F-16F7-4668-BE54-9A1E7A4F7556}") = "TestingWorkshop", "TestingWorkshop\TestingWorkshop.csproj", "{928E386D-097F-42AB-8B77-546AEC2C47A3}"
EndProject
Project("{9A19103F-16F7-4668-BE54-9A1E7A4F7556}") = "TestingWorkshop.MSTest", "TestingWorkshop.MSTest\TestingWorkshop.MSTest.csproj", "{8BDFAD65-F2F5-47EB-8615-BBCDDE150ECA}"
EndProject
Project("{9A19103F-16F7-4668-BE54-9A1E7A4F7556}") = "TestingWorkshop.NUnitTest", "TestingWorkshop.NUnitTest\TestingWorkshop.NUnitTest.csproj", "{3E22B779-28E0-41DB-A752-68F70B9E0D7C}"
EndProject
Project("{9A19103F-16F7-4668-BE54-9A1E7A4F7556}") = "TestingWorkshop.XUnitTest", "TestingWorkshop.XUnitTest\TestingWorkshop.XUnitTest.csproj", "{48408725-2A3E-4685-8F04-645B5EE528EC}"
EndProject
Project("{2150E333-8FDC-42A3-9474-1A3956D46DE8}") = "TestingFundamentals", "TestingFundamentals", "{D8B44298-9ABA-4D12-B87D-3BD7B3EB819F}"
EndProject
Project("{2150E333-8FDC-42A3-9474-1A3956D46DE8}") = "BongoWeb", "BongoWeb", "{86D2E5AE-EFA8-4A02-8FA1-33BD55669FFC}"
EndProject
Project("{9A19103F-16F7-4668-BE54-9A1E7A4F7556}") = "Bongo.Core", "BongoWeb\Bongo.Core\Bongo.Core.csproj", "{C0BF64A6-4246-4261-AA01-DF50CDF207C2}"
EndProject
Project("{9A19103F-16F7-4668-BE54-9A1E7A4F7556}") = "Bongo.DataAccess", "BongoWeb\Bongo.DataAccess\Bongo.DataAccess.csproj", "{969404A4-FC70-4310-B3FC-181954F3C1A1}"
EndProject
Project("{9A19103F-16F7-4668-BE54-9A1E7A4F7556}") = "Bongo.Models", "BongoWeb\Bongo.Models\Bongo.Models.csproj", "{A707CCAF-E6F1-47F1-BEC5-971AF6861318}"
EndProject
Project("{9A19103F-16F7-4668-BE54-9A1E7A4F7556}") = "Bongo.Web", "BongoWeb\Bongo.Web\Bongo.Web.csproj", "{84147772-43A3-4B55-B42A-1128653F85BB}"
EndProject
Project("{2150E333-8FDC-42A3-9474-1A3956D46DE8}") = "BongoTests", "BongoTests", "{6750A63B-856D-4F11-8F57-20114B7AC049}"
EndProject
Project("{9A19103F-16F7-4668-BE54-9A1E7A4F7556}") = "Bongo.Models.Tests", "BongoTests\Bongo.Models.Tests\Bongo.Models.Tests.csproj", "{E40D36DA-E39C-4C11-A539-D65D8DD92B1B}"
EndProject
Project("{FAE04EC0-301F-11D3-BF4B-00C04F79EFBC}") = "Bongo.DataAccess.Tests", "BongoTests\Mongo.DataAccess.Tests\Bongo.DataAccess.Tests.csproj", "{52136A83-9AB8-47C7-B799-11E78E6359DB}"
EndProject
Project("{FAE04EC0-301F-11D3-BF4B-00C04F79EFBC}") = "Bongo.Core.Tests", "BongoTests\Bongo.Core.Tests\Bongo.Core.Tests.csproj", "{04A2DFBD-FA0D-4785-9B6D-662613AE09C3}"
EndProject
Project("{FAE04EC0-301F-11D3-BF4B-00C04F79EFBC}") = "Bongo.Web.Tests", "BongoTests\Bongo.Web.Tests\Bongo.Web.Tests.csproj", "{AC17E375-83B0-4BAA-A7F7-35EF88624EA0}"
EndProject
Global
	GlobalSection(SolutionConfigurationPlatforms) = preSolution
		Debug|Any CPU = Debug|Any CPU
		Release|Any CPU = Release|Any CPU
	EndGlobalSection
	GlobalSection(ProjectConfigurationPlatforms) = postSolution
		{928E386D-097F-42AB-8B77-546AEC2C47A3}.Debug|Any CPU.ActiveCfg = Debug|Any CPU
		{928E386D-097F-42AB-8B77-546AEC2C47A3}.Debug|Any CPU.Build.0 = Debug|Any CPU
		{928E386D-097F-42AB-8B77-546AEC2C47A3}.Release|Any CPU.ActiveCfg = Release|Any CPU
		{928E386D-097F-42AB-8B77-546AEC2C47A3}.Release|Any CPU.Build.0 = Release|Any CPU
		{8BDFAD65-F2F5-47EB-8615-BBCDDE150ECA}.Debug|Any CPU.ActiveCfg = Debug|Any CPU
		{8BDFAD65-F2F5-47EB-8615-BBCDDE150ECA}.Debug|Any CPU.Build.0 = Debug|Any CPU
		{8BDFAD65-F2F5-47EB-8615-BBCDDE150ECA}.Release|Any CPU.ActiveCfg = Release|Any CPU
		{8BDFAD65-F2F5-47EB-8615-BBCDDE150ECA}.Release|Any CPU.Build.0 = Release|Any CPU
		{3E22B779-28E0-41DB-A752-68F70B9E0D7C}.Debug|Any CPU.ActiveCfg = Debug|Any CPU
		{3E22B779-28E0-41DB-A752-68F70B9E0D7C}.Debug|Any CPU.Build.0 = Debug|Any CPU
		{3E22B779-28E0-41DB-A752-68F70B9E0D7C}.Release|Any CPU.ActiveCfg = Release|Any CPU
		{3E22B779-28E0-41DB-A752-68F70B9E0D7C}.Release|Any CPU.Build.0 = Release|Any CPU
		{48408725-2A3E-4685-8F04-645B5EE528EC}.Debug|Any CPU.ActiveCfg = Debug|Any CPU
		{48408725-2A3E-4685-8F04-645B5EE528EC}.Debug|Any CPU.Build.0 = Debug|Any CPU
		{48408725-2A3E-4685-8F04-645B5EE528EC}.Release|Any CPU.ActiveCfg = Release|Any CPU
		{48408725-2A3E-4685-8F04-645B5EE528EC}.Release|Any CPU.Build.0 = Release|Any CPU
		{C0BF64A6-4246-4261-AA01-DF50CDF207C2}.Debug|Any CPU.ActiveCfg = Debug|Any CPU
		{C0BF64A6-4246-4261-AA01-DF50CDF207C2}.Debug|Any CPU.Build.0 = Debug|Any CPU
		{C0BF64A6-4246-4261-AA01-DF50CDF207C2}.Release|Any CPU.ActiveCfg = Release|Any CPU
		{C0BF64A6-4246-4261-AA01-DF50CDF207C2}.Release|Any CPU.Build.0 = Release|Any CPU
		{969404A4-FC70-4310-B3FC-181954F3C1A1}.Debug|Any CPU.ActiveCfg = Debug|Any CPU
		{969404A4-FC70-4310-B3FC-181954F3C1A1}.Debug|Any CPU.Build.0 = Debug|Any CPU
		{969404A4-FC70-4310-B3FC-181954F3C1A1}.Release|Any CPU.ActiveCfg = Release|Any CPU
		{969404A4-FC70-4310-B3FC-181954F3C1A1}.Release|Any CPU.Build.0 = Release|Any CPU
		{A707CCAF-E6F1-47F1-BEC5-971AF6861318}.Debug|Any CPU.ActiveCfg = Debug|Any CPU
		{A707CCAF-E6F1-47F1-BEC5-971AF6861318}.Debug|Any CPU.Build.0 = Debug|Any CPU
		{A707CCAF-E6F1-47F1-BEC5-971AF6861318}.Release|Any CPU.ActiveCfg = Release|Any CPU
		{A707CCAF-E6F1-47F1-BEC5-971AF6861318}.Release|Any CPU.Build.0 = Release|Any CPU
		{84147772-43A3-4B55-B42A-1128653F85BB}.Debug|Any CPU.ActiveCfg = Debug|Any CPU
		{84147772-43A3-4B55-B42A-1128653F85BB}.Debug|Any CPU.Build.0 = Debug|Any CPU
		{84147772-43A3-4B55-B42A-1128653F85BB}.Release|Any CPU.ActiveCfg = Release|Any CPU
		{84147772-43A3-4B55-B42A-1128653F85BB}.Release|Any CPU.Build.0 = Release|Any CPU
		{E40D36DA-E39C-4C11-A539-D65D8DD92B1B}.Debug|Any CPU.ActiveCfg = Debug|Any CPU
		{E40D36DA-E39C-4C11-A539-D65D8DD92B1B}.Debug|Any CPU.Build.0 = Debug|Any CPU
		{E40D36DA-E39C-4C11-A539-D65D8DD92B1B}.Release|Any CPU.ActiveCfg = Release|Any CPU
		{E40D36DA-E39C-4C11-A539-D65D8DD92B1B}.Release|Any CPU.Build.0 = Release|Any CPU
		{52136A83-9AB8-47C7-B799-11E78E6359DB}.Debug|Any CPU.ActiveCfg = Debug|Any CPU
		{52136A83-9AB8-47C7-B799-11E78E6359DB}.Debug|Any CPU.Build.0 = Debug|Any CPU
		{52136A83-9AB8-47C7-B799-11E78E6359DB}.Release|Any CPU.ActiveCfg = Release|Any CPU
		{52136A83-9AB8-47C7-B799-11E78E6359DB}.Release|Any CPU.Build.0 = Release|Any CPU
		{04A2DFBD-FA0D-4785-9B6D-662613AE09C3}.Debug|Any CPU.ActiveCfg = Debug|Any CPU
		{04A2DFBD-FA0D-4785-9B6D-662613AE09C3}.Debug|Any CPU.Build.0 = Debug|Any CPU
		{04A2DFBD-FA0D-4785-9B6D-662613AE09C3}.Release|Any CPU.ActiveCfg = Release|Any CPU
		{04A2DFBD-FA0D-4785-9B6D-662613AE09C3}.Release|Any CPU.Build.0 = Release|Any CPU
		{AC17E375-83B0-4BAA-A7F7-35EF88624EA0}.Debug|Any CPU.ActiveCfg = Debug|Any CPU
		{AC17E375-83B0-4BAA-A7F7-35EF88624EA0}.Debug|Any CPU.Build.0 = Debug|Any CPU
		{AC17E375-83B0-4BAA-A7F7-35EF88624EA0}.Release|Any CPU.ActiveCfg = Release|Any CPU
		{AC17E375-83B0-4BAA-A7F7-35EF88624EA0}.Release|Any CPU.Build.0 = Release|Any CPU
	EndGlobalSection
	GlobalSection(SolutionProperties) = preSolution
		HideSolutionNode = FALSE
	EndGlobalSection
	GlobalSection(NestedProjects) = preSolution
		{928E386D-097F-42AB-8B77-546AEC2C47A3} = {D8B44298-9ABA-4D12-B87D-3BD7B3EB819F}
		{8BDFAD65-F2F5-47EB-8615-BBCDDE150ECA} = {D8B44298-9ABA-4D12-B87D-3BD7B3EB819F}
		{3E22B779-28E0-41DB-A752-68F70B9E0D7C} = {D8B44298-9ABA-4D12-B87D-3BD7B3EB819F}
		{48408725-2A3E-4685-8F04-645B5EE528EC} = {D8B44298-9ABA-4D12-B87D-3BD7B3EB819F}
		{C0BF64A6-4246-4261-AA01-DF50CDF207C2} = {86D2E5AE-EFA8-4A02-8FA1-33BD55669FFC}
		{969404A4-FC70-4310-B3FC-181954F3C1A1} = {86D2E5AE-EFA8-4A02-8FA1-33BD55669FFC}
		{A707CCAF-E6F1-47F1-BEC5-971AF6861318} = {86D2E5AE-EFA8-4A02-8FA1-33BD55669FFC}
		{84147772-43A3-4B55-B42A-1128653F85BB} = {86D2E5AE-EFA8-4A02-8FA1-33BD55669FFC}
		{E40D36DA-E39C-4C11-A539-D65D8DD92B1B} = {6750A63B-856D-4F11-8F57-20114B7AC049}
		{52136A83-9AB8-47C7-B799-11E78E6359DB} = {6750A63B-856D-4F11-8F57-20114B7AC049}
		{04A2DFBD-FA0D-4785-9B6D-662613AE09C3} = {6750A63B-856D-4F11-8F57-20114B7AC049}
		{AC17E375-83B0-4BAA-A7F7-35EF88624EA0} = {6750A63B-856D-4F11-8F57-20114B7AC049}
	EndGlobalSection
	GlobalSection(ExtensibilityGlobals) = postSolution
		SolutionGuid = {6B5AB085-EB6B-4330-8FE1-AD6486ABDB14}
	EndGlobalSection
EndGlobal
